
Microsoft Visual Studio Solution File, Format Version 12.00
# Visual Studio 2012
Project("{FAE04EC0-301F-11D3-BF4B-00C04F79EFBC}") = "BookMarked.Android", "BookMarked.Android\BookMarked.Android.csproj", "{A3E80D83-4E6C-4CCF-BD3D-DCD1F11DFDA1}"
EndProject
Project("{FAE04EC0-301F-11D3-BF4B-00C04F79EFBC}") = "BookMarked.iOS", "BookMarked.iOS\BookMarked.iOS.csproj", "{72DBADAB-0D20-462B-AB54-CA6EF78D7C7A}"
EndProject
Project("{FAE04EC0-301F-11D3-BF4B-00C04F79EFBC}") = "BookMarked", "BookMarked\BookMarked.csproj", "{5E77F2E8-BEC8-4270-906F-DEEE27BF029C}"
EndProject
Global
	GlobalSection(SolutionConfigurationPlatforms) = preSolution
		Debug|Any CPU = Debug|Any CPU
		Release|Any CPU = Release|Any CPU
		Debug|iPhoneSimulator = Debug|iPhoneSimulator
		Release|iPhoneSimulator = Release|iPhoneSimulator
		Debug|iPhone = Debug|iPhone
		Release|iPhone = Release|iPhone
		Ad-Hoc|iPhone = Ad-Hoc|iPhone
		AppStore|iPhone = AppStore|iPhone
	EndGlobalSection
	GlobalSection(ProjectConfigurationPlatforms) = postSolution
		{A3E80D83-4E6C-4CCF-BD3D-DCD1F11DFDA1}.Debug|Any CPU.ActiveCfg = Debug|Any CPU
		{A3E80D83-4E6C-4CCF-BD3D-DCD1F11DFDA1}.Debug|Any CPU.Build.0 = Debug|Any CPU
		{A3E80D83-4E6C-4CCF-BD3D-DCD1F11DFDA1}.Release|Any CPU.ActiveCfg = Release|Any CPU
		{A3E80D83-4E6C-4CCF-BD3D-DCD1F11DFDA1}.Release|Any CPU.Build.0 = Release|Any CPU
		{A3E80D83-4E6C-4CCF-BD3D-DCD1F11DFDA1}.Debug|iPhoneSimulator.ActiveCfg = Debug|Any CPU
		{A3E80D83-4E6C-4CCF-BD3D-DCD1F11DFDA1}.Debug|iPhoneSimulator.Build.0 = Debug|Any CPU
		{A3E80D83-4E6C-4CCF-BD3D-DCD1F11DFDA1}.Release|iPhoneSimulator.ActiveCfg = Release|Any CPU
		{A3E80D83-4E6C-4CCF-BD3D-DCD1F11DFDA1}.Release|iPhoneSimulator.Build.0 = Release|Any CPU
		{A3E80D83-4E6C-4CCF-BD3D-DCD1F11DFDA1}.Debug|iPhone.ActiveCfg = Debug|Any CPU
		{A3E80D83-4E6C-4CCF-BD3D-DCD1F11DFDA1}.Debug|iPhone.Build.0 = Debug|Any CPU
		{A3E80D83-4E6C-4CCF-BD3D-DCD1F11DFDA1}.Release|iPhone.ActiveCfg = Release|Any CPU
		{A3E80D83-4E6C-4CCF-BD3D-DCD1F11DFDA1}.Release|iPhone.Build.0 = Release|Any CPU
		{A3E80D83-4E6C-4CCF-BD3D-DCD1F11DFDA1}.Ad-Hoc|iPhone.ActiveCfg = Debug|Any CPU
		{A3E80D83-4E6C-4CCF-BD3D-DCD1F11DFDA1}.Ad-Hoc|iPhone.Build.0 = Debug|Any CPU
		{A3E80D83-4E6C-4CCF-BD3D-DCD1F11DFDA1}.AppStore|iPhone.ActiveCfg = Debug|Any CPU
		{A3E80D83-4E6C-4CCF-BD3D-DCD1F11DFDA1}.AppStore|iPhone.Build.0 = Debug|Any CPU
		{72DBADAB-0D20-462B-AB54-CA6EF78D7C7A}.Debug|Any CPU.ActiveCfg = Debug|iPhoneSimulator
		{72DBADAB-0D20-462B-AB54-CA6EF78D7C7A}.Debug|Any CPU.Build.0 = Debug|iPhoneSimulator
		{72DBADAB-0D20-462B-AB54-CA6EF78D7C7A}.Release|Any CPU.ActiveCfg = Release|iPhoneSimulator
		{72DBADAB-0D20-462B-AB54-CA6EF78D7C7A}.Release|Any CPU.Build.0 = Release|iPhoneSimulator
		{72DBADAB-0D20-462B-AB54-CA6EF78D7C7A}.Debug|iPhoneSimulator.ActiveCfg = Debug|iPhoneSimulator
		{72DBADAB-0D20-462B-AB54-CA6EF78D7C7A}.Debug|iPhoneSimulator.Build.0 = Debug|iPhoneSimulator
		{72DBADAB-0D20-462B-AB54-CA6EF78D7C7A}.Release|iPhoneSimulator.ActiveCfg = Release|iPhoneSimulator
		{72DBADAB-0D20-462B-AB54-CA6EF78D7C7A}.Release|iPhoneSimulator.Build.0 = Release|iPhoneSimulator
		{72DBADAB-0D20-462B-AB54-CA6EF78D7C7A}.Debug|iPhone.ActiveCfg = Debug|iPhone
		{72DBADAB-0D20-462B-AB54-CA6EF78D7C7A}.Debug|iPhone.Build.0 = Debug|iPhone
		{72DBADAB-0D20-462B-AB54-CA6EF78D7C7A}.Release|iPhone.ActiveCfg = Release|iPhone
		{72DBADAB-0D20-462B-AB54-CA6EF78D7C7A}.Release|iPhone.Build.0 = Release|iPhone
		{72DBADAB-0D20-462B-AB54-CA6EF78D7C7A}.Ad-Hoc|iPhone.ActiveCfg = Ad-Hoc|iPhone
		{72DBADAB-0D20-462B-AB54-CA6EF78D7C7A}.Ad-Hoc|iPhone.Build.0 = Ad-Hoc|iPhone
		{72DBADAB-0D20-462B-AB54-CA6EF78D7C7A}.AppStore|iPhone.ActiveCfg = AppStore|iPhone
		{72DBADAB-0D20-462B-AB54-CA6EF78D7C7A}.AppStore|iPhone.Build.0 = AppStore|iPhone
		{5E77F2E8-BEC8-4270-906F-DEEE27BF029C}.Debug|Any CPU.ActiveCfg = Debug|Any CPU
		{5E77F2E8-BEC8-4270-906F-DEEE27BF029C}.Debug|Any CPU.Build.0 = Debug|Any CPU
		{5E77F2E8-BEC8-4270-906F-DEEE27BF029C}.Release|Any CPU.ActiveCfg = Release|Any CPU
		{5E77F2E8-BEC8-4270-906F-DEEE27BF029C}.Release|Any CPU.Build.0 = Release|Any CPU
		{5E77F2E8-BEC8-4270-906F-DEEE27BF029C}.Debug|iPhoneSimulator.ActiveCfg = Debug|Any CPU
		{5E77F2E8-BEC8-4270-906F-DEEE27BF029C}.Debug|iPhoneSimulator.Build.0 = Debug|Any CPU
		{5E77F2E8-BEC8-4270-906F-DEEE27BF029C}.Release|iPhoneSimulator.ActiveCfg = Release|Any CPU
		{5E77F2E8-BEC8-4270-906F-DEEE27BF029C}.Release|iPhoneSimulator.Build.0 = Release|Any CPU
		{5E77F2E8-BEC8-4270-906F-DEEE27BF029C}.Debug|iPhone.ActiveCfg = Debug|Any CPU
		{5E77F2E8-BEC8-4270-906F-DEEE27BF029C}.Debug|iPhone.Build.0 = Debug|Any CPU
		{5E77F2E8-BEC8-4270-906F-DEEE27BF029C}.Release|iPhone.ActiveCfg = Release|Any CPU
		{5E77F2E8-BEC8-4270-906F-DEEE27BF029C}.Release|iPhone.Build.0 = Release|Any CPU
		{5E77F2E8-BEC8-4270-906F-DEEE27BF029C}.Ad-Hoc|iPhone.ActiveCfg = Debug|Any CPU
		{5E77F2E8-BEC8-4270-906F-DEEE27BF029C}.Ad-Hoc|iPhone.Build.0 = Debug|Any CPU
		{5E77F2E8-BEC8-4270-906F-DEEE27BF029C}.AppStore|iPhone.ActiveCfg = Debug|Any CPU
		{5E77F2E8-BEC8-4270-906F-DEEE27BF029C}.AppStore|iPhone.Build.0 = Debug|Any CPU
	EndGlobalSection
EndGlobal
